<?xml version="1.0" encoding="utf-8"?>
<Project ToolsVersion="4.0" xmlns="http://schemas.microsoft.com/developer/msbuild/2003">
  <ItemGroup>
    <Filter Include="Bitmap">
      <UniqueIdentifier>{8f0d3987-59ec-4946-addd-b64a5792e326}</UniqueIdentifier>
    </Filter>
    <Filter Include="Error">
      <UniqueIdentifier>{b20beea8-f089-4be4-b14c-db27dd0577f5}</UniqueIdentifier>
    </Filter>
    <Filter Include="Data">
      <UniqueIdentifier>{3eb1af2f-d626-4c59-a92e-d2bd824eaa12}</UniqueIdentifier>
    </Filter>
  </ItemGroup>
  <ItemGroup>
    <ClCompile Include="..\..\..\..\Dark Basic Pro SDK\SHARED\Bitmap\CBitmapC.cpp">
      <Filter>Bitmap</Filter>
    </ClCompile>
    <ClCompile Include="..\..\..\..\Dark Basic Pro SDK\SHARED\Data\CDataC.cpp">
      <Filter>Data</Filter>
    </ClCompile>
  </ItemGroup>
  <ItemGroup>
    <ClInclude Include="..\..\..\..\Dark Basic Pro SDK\SHARED\Bitmap\CBitmapC.h">
      <Filter>Bitmap</Filter>
    </ClInclude>
    <ClInclude Include="..\..\..\..\Dark Basic Pro SDK\SHARED\Error\CError.h">
      <Filter>Error</Filter>
    </ClInclude>
    <ClInclude Include="..\..\..\..\Dark Basic Pro SDK\SHARED\Error\CRuntimeErrors.h">
      <Filter>Error</Filter>
    </ClInclude>
    <ClInclude Include="..\..\..\..\Dark Basic Pro SDK\SHARED\Data\CDataC.h">
      <Filter>Data</Filter>
    </ClInclude>
  </ItemGroup>
</Project>