<?xml version="1.0" encoding="utf-8"?>
<Project ToolsVersion="4.0" xmlns="http://schemas.microsoft.com/developer/msbuild/2003">
  <ItemGroup>
    <Filter Include="Error">
      <UniqueIdentifier>{d1773fd8-51ec-4ba7-80fe-65901477ffe4}</UniqueIdentifier>
    </Filter>
    <Filter Include="Setup">
      <UniqueIdentifier>{bef3ece3-7f9b-4153-b1ad-077e3cd093d3}</UniqueIdentifier>
    </Filter>
    <Filter Include="Setup\VR920">
      <UniqueIdentifier>{f26a7089-c2b7-4df5-97cf-c400f57d1333}</UniqueIdentifier>
    </Filter>
  </ItemGroup>
  <ItemGroup>
    <ClInclude Include="..\..\..\..\Dark Basic Pro SDK\SHARED\Error\CError.h">
      <Filter>Error</Filter>
    </ClInclude>
    <ClInclude Include="..\..\..\..\Dark Basic Pro SDK\SHARED\Error\CRuntimeErrors.h">
      <Filter>Error</Filter>
    </ClInclude>
    <ClInclude Include="..\..\..\..\Dark Basic Pro SDK\SHARED\SETUP\CGfxC.h">
      <Filter>Setup</Filter>
    </ClInclude>
    <ClInclude Include="..\..\..\..\Dark Basic Pro SDK\SHARED\Core\globstruct.h" />
  </ItemGroup>
  <ItemGroup>
    <ClCompile Include="..\..\..\..\Dark Basic Pro SDK\SHARED\SETUP\CGfxC.cpp">
      <Filter>Setup</Filter>
    </ClCompile>
  </ItemGroup>
</Project>